
Microsoft Visual Studio Solution File, Format Version 12.00
# Visual Studio 15
VisualStudioVersion = 15.0.27130.2010
MinimumVisualStudioVersion = 10.0.40219.1
Project("{6EC3EE1D-3C4E-46DD-8F32-0CC8E7565705}") = "ConsoleApp", "ConsoleApp\ConsoleApp.fsproj", "{21D175DD-301B-487D-8BD2-94486DB7D4C7}"
EndProject
Project("{F2A71F9B-5D33-465A-A702-920D77279786}") = "Hangman", "Hangman\Hangman.fsproj", "{73089F3D-C15E-4443-84B3-1823C5FBA011}"
EndProject
Global
	GlobalSection(SolutionConfigurationPlatforms) = preSolution
		Debug|Any CPU = Debug|Any CPU
		Release|Any CPU = Release|Any CPU
	EndGlobalSection
	GlobalSection(ProjectConfigurationPlatforms) = postSolution
		{21D175DD-301B-487D-8BD2-94486DB7D4C7}.Debug|Any CPU.ActiveCfg = Debug|Any CPU
		{21D175DD-301B-487D-8BD2-94486DB7D4C7}.Debug|Any CPU.Build.0 = Debug|Any CPU
		{21D175DD-301B-487D-8BD2-94486DB7D4C7}.Release|Any CPU.ActiveCfg = Release|Any CPU
		{21D175DD-301B-487D-8BD2-94486DB7D4C7}.Release|Any CPU.Build.0 = Release|Any CPU
		{73089F3D-C15E-4443-84B3-1823C5FBA011}.Debug|Any CPU.ActiveCfg = Debug|Any CPU
		{73089F3D-C15E-4443-84B3-1823C5FBA011}.Debug|Any CPU.Build.0 = Debug|Any CPU
		{73089F3D-C15E-4443-84B3-1823C5FBA011}.Release|Any CPU.ActiveCfg = Release|Any CPU
		{73089F3D-C15E-4443-84B3-1823C5FBA011}.Release|Any CPU.Build.0 = Release|Any CPU
	EndGlobalSection
	GlobalSection(SolutionProperties) = preSolution
		HideSolutionNode = FALSE
	EndGlobalSection
	GlobalSection(ExtensibilityGlobals) = postSolution
		SolutionGuid = {41D821AF-C3A8-40F6-B1D5-51E2B87A2F4B}
	EndGlobalSection
EndGlobal
